
Microsoft Visual Studio Solution File, Format Version 12.00
# Visual Studio Version 16
VisualStudioVersion = 16.0.29519.87
MinimumVisualStudioVersion = 10.0.40219.1
Project("{9A19103F-16F7-4668-BE54-9A1E7A4F7556}") = "Advent Of Code 2019", "Advent Of Code 2019\Advent Of Code 2019.csproj", "{F933FED6-78DB-4E24-9791-21EDF650D23A}"
EndProject
Project("{FAE04EC0-301F-11D3-BF4B-00C04F79EFBC}") = "Advent Of Code 2020", "Advent Of Code 2020\Advent Of Code 2020.csproj", "{55862764-0D0F-4C07-BD76-9B3252948DF8}"
EndProject
Project("{FAE04EC0-301F-11D3-BF4B-00C04F79EFBC}") = "Utility", "Utility\Utility.csproj", "{972155A1-834C-4FCD-8FB4-C5AC714BCEA1}"
EndProject
Global
	GlobalSection(SolutionConfigurationPlatforms) = preSolution
		Debug|Any CPU = Debug|Any CPU
		Release|Any CPU = Release|Any CPU
	EndGlobalSection
	GlobalSection(ProjectConfigurationPlatforms) = postSolution
		{F933FED6-78DB-4E24-9791-21EDF650D23A}.Debug|Any CPU.ActiveCfg = Debug|Any CPU
		{F933FED6-78DB-4E24-9791-21EDF650D23A}.Debug|Any CPU.Build.0 = Debug|Any CPU
		{F933FED6-78DB-4E24-9791-21EDF650D23A}.Release|Any CPU.ActiveCfg = Release|Any CPU
		{F933FED6-78DB-4E24-9791-21EDF650D23A}.Release|Any CPU.Build.0 = Release|Any CPU
		{55862764-0D0F-4C07-BD76-9B3252948DF8}.Debug|Any CPU.ActiveCfg = Debug|Any CPU
		{55862764-0D0F-4C07-BD76-9B3252948DF8}.Debug|Any CPU.Build.0 = Debug|Any CPU
		{55862764-0D0F-4C07-BD76-9B3252948DF8}.Release|Any CPU.ActiveCfg = Release|Any CPU
		{55862764-0D0F-4C07-BD76-9B3252948DF8}.Release|Any CPU.Build.0 = Release|Any CPU
		{972155A1-834C-4FCD-8FB4-C5AC714BCEA1}.Debug|Any CPU.ActiveCfg = Debug|Any CPU
		{972155A1-834C-4FCD-8FB4-C5AC714BCEA1}.Debug|Any CPU.Build.0 = Debug|Any CPU
		{972155A1-834C-4FCD-8FB4-C5AC714BCEA1}.Release|Any CPU.ActiveCfg = Release|Any CPU
		{972155A1-834C-4FCD-8FB4-C5AC714BCEA1}.Release|Any CPU.Build.0 = Release|Any CPU
	EndGlobalSection
	GlobalSection(SolutionProperties) = preSolution
		HideSolutionNode = FALSE
	EndGlobalSection
	GlobalSection(ExtensibilityGlobals) = postSolution
		SolutionGuid = {EEAD807C-3061-4DC8-9B41-D6C267F75D85}
	EndGlobalSection
EndGlobal
